
Microsoft Visual Studio Solution File, Format Version 12.00
# Visual Studio Version 17
VisualStudioVersion = 17.5.33516.290
MinimumVisualStudioVersion = 10.0.40219.1
Project("{FAE04EC0-301F-11D3-BF4B-00C04F79EFBC}") = "App1", "App1\App1.csproj", "{DB5555BC-F09D-4EB7-9F3A-83FE662DB620}"
EndProject
Project("{FAE04EC0-301F-11D3-BF4B-00C04F79EFBC}") = "App2", "App2\App2.csproj", "{74809536-464D-4213-96D9-4F8D53A16514}"
EndProject
Project("{FAE04EC0-301F-11D3-BF4B-00C04F79EFBC}") = "CalcCore", "CalculadoraCore\CalcCore.csproj", "{15B7496E-E218-456C-AAF9-872B6B680B14}"
EndProject
Project("{2150E333-8FDC-42A3-9474-1A3956D46DE8}") = "Apps", "Apps", "{0326CF4B-94AC-4FB3-AA61-C67BA1DF7066}"
EndProject
Project("{2150E333-8FDC-42A3-9474-1A3956D46DE8}") = "Core", "Core", "{BEC804AB-AFE1-47C1-A280-6D501F4F07EA}"
EndProject
Project("{FAE04EC0-301F-11D3-BF4B-00C04F79EFBC}") = "Cal.core.Interfaces", "Cal.core.Interfaces\Cal.core.Interfaces.csproj", "{25A0C6D5-DCF4-4ADD-A8B6-91A338472C9C}"
EndProject
Project("{FAE04EC0-301F-11D3-BF4B-00C04F79EFBC}") = "CalcSuperPower", "CalcSuperPower\CalcSuperPower.csproj", "{3074DDC1-D91D-4686-A20D-6BD8206D79DE}"
EndProject
Global
	GlobalSection(SolutionConfigurationPlatforms) = preSolution
		Debug|Any CPU = Debug|Any CPU
		Release|Any CPU = Release|Any CPU
	EndGlobalSection
	GlobalSection(ProjectConfigurationPlatforms) = postSolution
		{DB5555BC-F09D-4EB7-9F3A-83FE662DB620}.Debug|Any CPU.ActiveCfg = Debug|Any CPU
		{DB5555BC-F09D-4EB7-9F3A-83FE662DB620}.Debug|Any CPU.Build.0 = Debug|Any CPU
		{DB5555BC-F09D-4EB7-9F3A-83FE662DB620}.Release|Any CPU.ActiveCfg = Release|Any CPU
		{DB5555BC-F09D-4EB7-9F3A-83FE662DB620}.Release|Any CPU.Build.0 = Release|Any CPU
		{74809536-464D-4213-96D9-4F8D53A16514}.Debug|Any CPU.ActiveCfg = Debug|Any CPU
		{74809536-464D-4213-96D9-4F8D53A16514}.Debug|Any CPU.Build.0 = Debug|Any CPU
		{74809536-464D-4213-96D9-4F8D53A16514}.Release|Any CPU.ActiveCfg = Release|Any CPU
		{74809536-464D-4213-96D9-4F8D53A16514}.Release|Any CPU.Build.0 = Release|Any CPU
		{15B7496E-E218-456C-AAF9-872B6B680B14}.Debug|Any CPU.ActiveCfg = Debug|Any CPU
		{15B7496E-E218-456C-AAF9-872B6B680B14}.Debug|Any CPU.Build.0 = Debug|Any CPU
		{15B7496E-E218-456C-AAF9-872B6B680B14}.Release|Any CPU.ActiveCfg = Release|Any CPU
		{15B7496E-E218-456C-AAF9-872B6B680B14}.Release|Any CPU.Build.0 = Release|Any CPU
		{25A0C6D5-DCF4-4ADD-A8B6-91A338472C9C}.Debug|Any CPU.ActiveCfg = Debug|Any CPU
		{25A0C6D5-DCF4-4ADD-A8B6-91A338472C9C}.Debug|Any CPU.Build.0 = Debug|Any CPU
		{25A0C6D5-DCF4-4ADD-A8B6-91A338472C9C}.Release|Any CPU.ActiveCfg = Release|Any CPU
		{25A0C6D5-DCF4-4ADD-A8B6-91A338472C9C}.Release|Any CPU.Build.0 = Release|Any CPU
		{3074DDC1-D91D-4686-A20D-6BD8206D79DE}.Debug|Any CPU.ActiveCfg = Debug|Any CPU
		{3074DDC1-D91D-4686-A20D-6BD8206D79DE}.Debug|Any CPU.Build.0 = Debug|Any CPU
		{3074DDC1-D91D-4686-A20D-6BD8206D79DE}.Release|Any CPU.ActiveCfg = Release|Any CPU
		{3074DDC1-D91D-4686-A20D-6BD8206D79DE}.Release|Any CPU.Build.0 = Release|Any CPU
	EndGlobalSection
	GlobalSection(SolutionProperties) = preSolution
		HideSolutionNode = FALSE
	EndGlobalSection
	GlobalSection(NestedProjects) = preSolution
		{DB5555BC-F09D-4EB7-9F3A-83FE662DB620} = {0326CF4B-94AC-4FB3-AA61-C67BA1DF7066}
		{74809536-464D-4213-96D9-4F8D53A16514} = {0326CF4B-94AC-4FB3-AA61-C67BA1DF7066}
		{15B7496E-E218-456C-AAF9-872B6B680B14} = {BEC804AB-AFE1-47C1-A280-6D501F4F07EA}
		{25A0C6D5-DCF4-4ADD-A8B6-91A338472C9C} = {BEC804AB-AFE1-47C1-A280-6D501F4F07EA}
		{3074DDC1-D91D-4686-A20D-6BD8206D79DE} = {BEC804AB-AFE1-47C1-A280-6D501F4F07EA}
	EndGlobalSection
	GlobalSection(ExtensibilityGlobals) = postSolution
		SolutionGuid = {6DA5A248-6B16-4BF7-A0B3-B55E15590E0F}
	EndGlobalSection
EndGlobal
