
Microsoft Visual Studio Solution File, Format Version 12.00
# Visual Studio Version 17
VisualStudioVersion = 17.5.33516.290
MinimumVisualStudioVersion = 10.0.40219.1
Project("{FAE04EC0-301F-11D3-BF4B-00C04F79EFBC}") = "Mail", "Mail\Mail.csproj", "{A887EF4B-E465-4941-AB4E-44DA609A7A7D}"
EndProject
Project("{FAE04EC0-301F-11D3-BF4B-00C04F79EFBC}") = "TestProject1", "TestProject1\TestProject1.csproj", "{85877C03-0ED4-4EA7-A62D-B4F5A29EE4D7}"
EndProject
Global
	GlobalSection(SolutionConfigurationPlatforms) = preSolution
		Debug|Any CPU = Debug|Any CPU
		Release|Any CPU = Release|Any CPU
	EndGlobalSection
	GlobalSection(ProjectConfigurationPlatforms) = postSolution
		{A887EF4B-E465-4941-AB4E-44DA609A7A7D}.Debug|Any CPU.ActiveCfg = Debug|Any CPU
		{A887EF4B-E465-4941-AB4E-44DA609A7A7D}.Debug|Any CPU.Build.0 = Debug|Any CPU
		{A887EF4B-E465-4941-AB4E-44DA609A7A7D}.Release|Any CPU.ActiveCfg = Release|Any CPU
		{A887EF4B-E465-4941-AB4E-44DA609A7A7D}.Release|Any CPU.Build.0 = Release|Any CPU
		{85877C03-0ED4-4EA7-A62D-B4F5A29EE4D7}.Debug|Any CPU.ActiveCfg = Debug|Any CPU
		{85877C03-0ED4-4EA7-A62D-B4F5A29EE4D7}.Debug|Any CPU.Build.0 = Debug|Any CPU
		{85877C03-0ED4-4EA7-A62D-B4F5A29EE4D7}.Release|Any CPU.ActiveCfg = Release|Any CPU
		{85877C03-0ED4-4EA7-A62D-B4F5A29EE4D7}.Release|Any CPU.Build.0 = Release|Any CPU
	EndGlobalSection
	GlobalSection(SolutionProperties) = preSolution
		HideSolutionNode = FALSE
	EndGlobalSection
	GlobalSection(ExtensibilityGlobals) = postSolution
		SolutionGuid = {0901FD0E-31C5-4B92-89D8-0B230F1EA7A2}
	EndGlobalSection
EndGlobal
